# This file is generated by running "yarn install" inside your project.
# Manual changes might be lost - proceed with caution!

__metadata:
  version: 8
  cacheKey: 10c0

"@electron-internal/eslint-config@workspace:.":
  version: 0.0.0-use.local
  resolution: "@electron-internal/eslint-config@workspace:."
  dependencies:
    "@typescript-eslint/eslint-plugin": "npm:^5.3.1"
    "@typescript-eslint/parser": "npm:^5.3.1"
    eslint-config-standard: "npm:^16.0.3"
    eslint-plugin-import: "npm:^2.25.2"
    eslint-plugin-node: "npm:^11.1.0"
    eslint-plugin-promise: "npm:^5.1.1"
  peerDependencies:
    eslint: ^8.0.0
    eslint-plugin-node: ^11.1.0
  languageName: unknown
  linkType: soft

"@nodelib/fs.scandir@npm:2.1.5":
  version: 2.1.5
  resolution: "@nodelib/fs.scandir@npm:2.1.5"
  dependencies:
    "@nodelib/fs.stat": "npm:2.0.5"
    run-parallel: "npm:^1.1.9"
  checksum: 10c0/732c3b6d1b1e967440e65f284bd06e5821fedf10a1bea9ed2bb75956ea1f30e08c44d3def9d6a230666574edbaf136f8cfd319c14fd1f87c66e6a44449afb2eb
  languageName: node
  linkType: hard

"@nodelib/fs.stat@npm:2.0.5, @nodelib/fs.stat@npm:^2.0.2":
  version: 2.0.5
  resolution: "@nodelib/fs.stat@npm:2.0.5"
  checksum: 10c0/88dafe5e3e29a388b07264680dc996c17f4bda48d163a9d4f5c1112979f0ce8ec72aa7116122c350b4e7976bc5566dc3ddb579be1ceaacc727872eb4ed93926d
  languageName: node
  linkType: hard

"@nodelib/fs.walk@npm:^1.2.3":
  version: 1.2.8
  resolution: "@nodelib/fs.walk@npm:1.2.8"
  dependencies:
    "@nodelib/fs.scandir": "npm:2.1.5"
    fastq: "npm:^1.6.0"
  checksum: 10c0/db9de047c3bb9b51f9335a7bb46f4fcfb6829fb628318c12115fbaf7d369bfce71c15b103d1fc3b464812d936220ee9bc1c8f762d032c9f6be9acc99249095b1
  languageName: node
  linkType: hard

"@types/json-schema@npm:^7.0.9":
  version: 7.0.9
  resolution: "@types/json-schema@npm:7.0.9"
  checksum: 10c0/46a9e92b7922495a50f55632d802f7e7ab2dffd76b3f894baf7b28012e73983df832977bedd748aa9a2bc8400c6e8659ca39faf6ccd93d71d41d5b0293338a0e
  languageName: node
  linkType: hard

"@types/json5@npm:^0.0.29":
  version: 0.0.29
  resolution: "@types/json5@npm:0.0.29"
  checksum: 10c0/6bf5337bc447b706bb5b4431d37686aa2ea6d07cfd6f79cc31de80170d6ff9b1c7384a9c0ccbc45b3f512bae9e9f75c2e12109806a15331dc94e8a8db6dbb4ac
  languageName: node
  linkType: hard

"@typescript-eslint/eslint-plugin@npm:^5.3.1":
  version: 5.3.1
  resolution: "@typescript-eslint/eslint-plugin@npm:5.3.1"
  dependencies:
    "@typescript-eslint/experimental-utils": "npm:5.3.1"
    "@typescript-eslint/scope-manager": "npm:5.3.1"
    debug: "npm:^4.3.2"
    functional-red-black-tree: "npm:^1.0.1"
    ignore: "npm:^5.1.8"
    regexpp: "npm:^3.2.0"
    semver: "npm:^7.3.5"
    tsutils: "npm:^3.21.0"
  peerDependencies:
    "@typescript-eslint/parser": ^5.0.0
    eslint: ^6.0.0 || ^7.0.0 || ^8.0.0
  peerDependenciesMeta:
    typescript:
      optional: true
  checksum: 10c0/511c8e9afa9d15bcf3e44cba67b4c32794f77ed5e3edeb2284edbf44d950d1ffc636f3a945acca2c0255b559d1774fb3cf510118271a6c4072971810865703b1
  languageName: node
  linkType: hard

"@typescript-eslint/experimental-utils@npm:5.3.1":
  version: 5.3.1
  resolution: "@typescript-eslint/experimental-utils@npm:5.3.1"
  dependencies:
    "@types/json-schema": "npm:^7.0.9"
    "@typescript-eslint/scope-manager": "npm:5.3.1"
    "@typescript-eslint/types": "npm:5.3.1"
    "@typescript-eslint/typescript-estree": "npm:5.3.1"
    eslint-scope: "npm:^5.1.1"
    eslint-utils: "npm:^3.0.0"
  peerDependencies:
    eslint: "*"
  checksum: 10c0/bc7d6c1a3467f31017983fd05d4ce1aa7a14b8e778ffadc69e3d2c4089e53d8caa0c95f15b431609a0af4875b811f4c1579edc6e7688f7578e40473a5685091f
  languageName: node
  linkType: hard

"@typescript-eslint/parser@npm:^5.3.1":
  version: 5.3.1
  resolution: "@typescript-eslint/parser@npm:5.3.1"
  dependencies:
    "@typescript-eslint/scope-manager": "npm:5.3.1"
    "@typescript-eslint/types": "npm:5.3.1"
    "@typescript-eslint/typescript-estree": "npm:5.3.1"
    debug: "npm:^4.3.2"
  peerDependencies:
    eslint: ^6.0.0 || ^7.0.0 || ^8.0.0
  peerDependenciesMeta:
    typescript:
      optional: true
  checksum: 10c0/973cbba20f0bf8028b4884d9e371c31f0d9f5b80d1b2dd86b9d7e5ba3a1b938d97e6a5f7ab29154ab8ff5e50eb2f809c4af8bf6fb45bc0f2b6665d940094b03d
  languageName: node
  linkType: hard

"@typescript-eslint/scope-manager@npm:5.3.1":
  version: 5.3.1
  resolution: "@typescript-eslint/scope-manager@npm:5.3.1"
  dependencies:
    "@typescript-eslint/types": "npm:5.3.1"
    "@typescript-eslint/visitor-keys": "npm:5.3.1"
  checksum: 10c0/3cc4f98de238d08e8691de1a251eeeabf0d56e543df9ff0bd2acab485921dab58c58fcba4dbe8618cfca7e6d92963464ceab948f8973a878e72f278968ca1263
  languageName: node
  linkType: hard

"@typescript-eslint/types@npm:5.3.1":
  version: 5.3.1
  resolution: "@typescript-eslint/types@npm:5.3.1"
  checksum: 10c0/2aa1eef02f2a9f6aef303657dbeb14c57b6b84b622b11d52b8671316baa184bf008726f02c18ee0fb6c0157e34a6a442f211a454f2c5c201986bf79ffde283d8
  languageName: node
  linkType: hard

"@typescript-eslint/typescript-estree@npm:5.3.1":
  version: 5.3.1
  resolution: "@typescript-eslint/typescript-estree@npm:5.3.1"
  dependencies:
    "@typescript-eslint/types": "npm:5.3.1"
    "@typescript-eslint/visitor-keys": "npm:5.3.1"
    debug: "npm:^4.3.2"
    globby: "npm:^11.0.4"
    is-glob: "npm:^4.0.3"
    semver: "npm:^7.3.5"
    tsutils: "npm:^3.21.0"
  peerDependenciesMeta:
    typescript:
      optional: true
  checksum: 10c0/a57cf5c441772d48f71657b08712fb2333f98f52988bc03d5f15e1d12620a2eeea634209e88b427514f3ddf5a10b7713255b7b9f5582bd95ac3f0e749e03c510
  languageName: node
  linkType: hard

"@typescript-eslint/visitor-keys@npm:5.3.1":
  version: 5.3.1
  resolution: "@typescript-eslint/visitor-keys@npm:5.3.1"
  dependencies:
    "@typescript-eslint/types": "npm:5.3.1"
    eslint-visitor-keys: "npm:^3.0.0"
  checksum: 10c0/cec2dc75b6b31d28ceeedebc4b31e86c98c8f4c01a876e1c64399e4f45b35fbfbbdeff5672d014fbcda1c6a0cbedca91957de6fa3cd83f9cdf24259abbd6c06b
  languageName: node
  linkType: hard

"array-includes@npm:^3.1.4":
  version: 3.1.4
  resolution: "array-includes@npm:3.1.4"
  dependencies:
    call-bind: "npm:^1.0.2"
    define-properties: "npm:^1.1.3"
    es-abstract: "npm:^1.19.1"
    get-intrinsic: "npm:^1.1.1"
    is-string: "npm:^1.0.7"
  checksum: 10c0/04c05682b45c1d58b9ad91296b3b91550c66196aae3076a42a0bb9094c00a9c3e4178520d13b093baab3313d862725a4596554da31989b12882be2073df038ac
  languageName: node
  linkType: hard

"array-union@npm:^2.1.0":
  version: 2.1.0
  resolution: "array-union@npm:2.1.0"
  checksum: 10c0/429897e68110374f39b771ec47a7161fc6a8fc33e196857c0a396dc75df0b5f65e4d046674db764330b6bb66b39ef48dd7c53b6a2ee75cfb0681e0c1a7033962
  languageName: node
  linkType: hard

"array.prototype.flat@npm:^1.2.5":
  version: 1.2.5
  resolution: "array.prototype.flat@npm:1.2.5"
  dependencies:
    call-bind: "npm:^1.0.2"
    define-properties: "npm:^1.1.3"
    es-abstract: "npm:^1.19.0"
  checksum: 10c0/91f3a8f8a74552ffb8f001ff26aaacf2baedf8bf9334cee9ac440ffb095f05df40f88c78384d004d4999b5876b30a6520a77dd9e5bccf065d68d7f3910e5ed6e
  languageName: node
  linkType: hard

"balanced-match@npm:^1.0.0":
  version: 1.0.2
  resolution: "balanced-match@npm:1.0.2"
  checksum: 10c0/9308baf0a7e4838a82bbfd11e01b1cb0f0cf2893bc1676c27c2a8c0e70cbae1c59120c3268517a8ae7fb6376b4639ef81ca22582611dbee4ed28df945134aaee
  languageName: node
  linkType: hard

"brace-expansion@npm:^1.1.7":
  version: 1.1.12
  resolution: "brace-expansion@npm:1.1.12"
  dependencies:
    balanced-match: "npm:^1.0.0"
    concat-map: "npm:0.0.1"
  checksum: 10c0/975fecac2bb7758c062c20d0b3b6288c7cc895219ee25f0a64a9de662dbac981ff0b6e89909c3897c1f84fa353113a721923afdec5f8b2350255b097f12b1f73
  languageName: node
  linkType: hard

"braces@npm:^3.0.3":
  version: 3.0.3
  resolution: "braces@npm:3.0.3"
  dependencies:
    fill-range: "npm:^7.1.1"
  checksum: 10c0/7c6dfd30c338d2997ba77500539227b9d1f85e388a5f43220865201e407e076783d0881f2d297b9f80951b4c957fcf0b51c1d2d24227631643c3f7c284b0aa04
  languageName: node
  linkType: hard

"call-bind@npm:^1.0.0, call-bind@npm:^1.0.2":
  version: 1.0.2
  resolution: "call-bind@npm:1.0.2"
  dependencies:
    function-bind: "npm:^1.1.1"
    get-intrinsic: "npm:^1.0.2"
  checksum: 10c0/74ba3f31e715456e22e451d8d098779b861eba3c7cac0d9b510049aced70d75c231ba05071f97e1812c98e34e2bee734c0c6126653e0088c2d9819ca047f4073
  languageName: node
  linkType: hard

"concat-map@npm:0.0.1":
  version: 0.0.1
  resolution: "concat-map@npm:0.0.1"
  checksum: 10c0/c996b1cfdf95b6c90fee4dae37e332c8b6eb7d106430c17d538034c0ad9a1630cb194d2ab37293b1bdd4d779494beee7786d586a50bd9376fd6f7bcc2bd4c98f
  languageName: node
  linkType: hard

"debug@npm:^2.6.9":
  version: 2.6.9
  resolution: "debug@npm:2.6.9"
  dependencies:
    ms: "npm:2.0.0"
  checksum: 10c0/121908fb839f7801180b69a7e218a40b5a0b718813b886b7d6bdb82001b931c938e2941d1e4450f33a1b1df1da653f5f7a0440c197f29fbf8a6e9d45ff6ef589
  languageName: node
  linkType: hard

"debug@npm:^3.2.7":
  version: 3.2.7
  resolution: "debug@npm:3.2.7"
  dependencies:
    ms: "npm:^2.1.1"
  checksum: 10c0/37d96ae42cbc71c14844d2ae3ba55adf462ec89fd3a999459dec3833944cd999af6007ff29c780f1c61153bcaaf2c842d1e4ce1ec621e4fc4923244942e4a02a
  languageName: node
  linkType: hard

"debug@npm:^4.3.2":
  version: 4.3.2
  resolution: "debug@npm:4.3.2"
  dependencies:
    ms: "npm:2.1.2"
  peerDependenciesMeta:
    supports-color:
      optional: true
  checksum: 10c0/3cc408070bcee066ee9b2a4f3a9c40f53728919ec7c7ff568f7c3a75b0723cb5a8407191a63495be4e10669e99b0ff7f26ec70e10b025da1898cdce4876d96ca
  languageName: node
  linkType: hard

"define-properties@npm:^1.1.3":
  version: 1.1.3
  resolution: "define-properties@npm:1.1.3"
  dependencies:
    object-keys: "npm:^1.0.12"
  checksum: 10c0/a2fa03d97ee44bb7c679bac7c3b3e63431a2efd83c12c0d61c7f5adf4fa1cf0a669c77afd274babbc5400926bdc2befb25679e4bf687140b078c0fe14f782e4f
  languageName: node
  linkType: hard

"dir-glob@npm:^3.0.1":
  version: 3.0.1
  resolution: "dir-glob@npm:3.0.1"
  dependencies:
    path-type: "npm:^4.0.0"
  checksum: 10c0/dcac00920a4d503e38bb64001acb19df4efc14536ada475725e12f52c16777afdee4db827f55f13a908ee7efc0cb282e2e3dbaeeb98c0993dd93d1802d3bf00c
  languageName: node
  linkType: hard

"doctrine@npm:^2.1.0":
  version: 2.1.0
  resolution: "doctrine@npm:2.1.0"
  dependencies:
    esutils: "npm:^2.0.2"
  checksum: 10c0/b6416aaff1f380bf56c3b552f31fdf7a69b45689368deca72d28636f41c16bb28ec3ebc40ace97db4c1afc0ceeb8120e8492fe0046841c94c2933b2e30a7d5ac
  languageName: node
  linkType: hard

"es-abstract@npm:^1.19.0, es-abstract@npm:^1.19.1":
  version: 1.19.1
  resolution: "es-abstract@npm:1.19.1"
  dependencies:
    call-bind: "npm:^1.0.2"
    es-to-primitive: "npm:^1.2.1"
    function-bind: "npm:^1.1.1"
    get-intrinsic: "npm:^1.1.1"
    get-symbol-description: "npm:^1.0.0"
    has: "npm:^1.0.3"
    has-symbols: "npm:^1.0.2"
    internal-slot: "npm:^1.0.3"
    is-callable: "npm:^1.2.4"
    is-negative-zero: "npm:^2.0.1"
    is-regex: "npm:^1.1.4"
    is-shared-array-buffer: "npm:^1.0.1"
    is-string: "npm:^1.0.7"
    is-weakref: "npm:^1.0.1"
    object-inspect: "npm:^1.11.0"
    object-keys: "npm:^1.1.1"
    object.assign: "npm:^4.1.2"
    string.prototype.trimend: "npm:^1.0.4"
    string.prototype.trimstart: "npm:^1.0.4"
    unbox-primitive: "npm:^1.0.1"
  checksum: 10c0/24ed66dfa682f1bbcfa70cd95581c29a6ba88baf579619bff5690ac383b8612f3f5fcebf30dec8df634d507b633ef1ed9f09b010b07e17e3975d4ce674e3059c
  languageName: node
  linkType: hard

"es-to-primitive@npm:^1.2.1":
  version: 1.2.1
  resolution: "es-to-primitive@npm:1.2.1"
  dependencies:
    is-callable: "npm:^1.1.4"
    is-date-object: "npm:^1.0.1"
    is-symbol: "npm:^1.0.2"
  checksum: 10c0/0886572b8dc075cb10e50c0af62a03d03a68e1e69c388bd4f10c0649ee41b1fbb24840a1b7e590b393011b5cdbe0144b776da316762653685432df37d6de60f1
  languageName: node
  linkType: hard

"eslint-config-standard@npm:^16.0.3":
  version: 16.0.3
  resolution: "eslint-config-standard@npm:16.0.3"
  peerDependencies:
    eslint: ^7.12.1
    eslint-plugin-import: ^2.22.1
    eslint-plugin-node: ^11.1.0
    eslint-plugin-promise: ^4.2.1 || ^5.0.0
  checksum: 10c0/6c7276b15329c3ed3c516b442b99cab9b30cb750a58b3bc6994574103f843bf7ea4f7e86bb815c206a610b12fb765d9cd283e45580f9e8549c6d9510fc8177c5
  languageName: node
  linkType: hard

"eslint-import-resolver-node@npm:^0.3.6":
  version: 0.3.6
  resolution: "eslint-import-resolver-node@npm:0.3.6"
  dependencies:
    debug: "npm:^3.2.7"
    resolve: "npm:^1.20.0"
  checksum: 10c0/20e06f3fa27b49de7159c8db54b4d7f82c156498e0050c491fcf7395922f927765b8296bf857c3b487da361bd65c1dcc68203832ef8e9179b461aa4192406535
  languageName: node
  linkType: hard

"eslint-module-utils@npm:^2.7.0":
  version: 2.7.1
  resolution: "eslint-module-utils@npm:2.7.1"
  dependencies:
    debug: "npm:^3.2.7"
    find-up: "npm:^2.1.0"
    pkg-dir: "npm:^2.0.0"
  checksum: 10c0/0832b779e8471056992be90a09e4ebd7d21868198264c76de2d2ef9ee09abe158c837f74c845401491fe6fdf31e101818e2489838f4d6b8b8fc2d57f4ea24d20
  languageName: node
  linkType: hard

"eslint-plugin-es@npm:^3.0.0":
  version: 3.0.1
  resolution: "eslint-plugin-es@npm:3.0.1"
  dependencies:
    eslint-utils: "npm:^2.0.0"
    regexpp: "npm:^3.0.0"
  peerDependencies:
    eslint: ">=4.19.1"
  checksum: 10c0/12ae730aa9603e680af048e1653aac15e529411b68b8d0da6e290700b17c695485af7c3f5360f531f80970786cab7288c2c1d4a58c35ec1bb89649897c016c4a
  languageName: node
  linkType: hard

"eslint-plugin-import@npm:^2.25.2":
  version: 2.25.2
  resolution: "eslint-plugin-import@npm:2.25.2"
  dependencies:
    array-includes: "npm:^3.1.4"
    array.prototype.flat: "npm:^1.2.5"
    debug: "npm:^2.6.9"
    doctrine: "npm:^2.1.0"
    eslint-import-resolver-node: "npm:^0.3.6"
    eslint-module-utils: "npm:^2.7.0"
    has: "npm:^1.0.3"
    is-core-module: "npm:^2.7.0"
    is-glob: "npm:^4.0.3"
    minimatch: "npm:^3.0.4"
    object.values: "npm:^1.1.5"
    resolve: "npm:^1.20.0"
    tsconfig-paths: "npm:^3.11.0"
  peerDependencies:
    eslint: ^2 || ^3 || ^4 || ^5 || ^6 || ^7.2.0 || ^8
  checksum: 10c0/617fc9be96f58ef2f71deb7c8095557eea1474d938b53cf9ad26689034f75cc92264070e97be76eb705617b51c848a5a9d8e2719c79e05c294365822100eef63
  languageName: node
  linkType: hard

"eslint-plugin-node@npm:^11.1.0":
  version: 11.1.0
  resolution: "eslint-plugin-node@npm:11.1.0"
  dependencies:
    eslint-plugin-es: "npm:^3.0.0"
    eslint-utils: "npm:^2.0.0"
    ignore: "npm:^5.1.1"
    minimatch: "npm:^3.0.4"
    resolve: "npm:^1.10.1"
    semver: "npm:^6.1.0"
  peerDependencies:
    eslint: ">=5.16.0"
  checksum: 10c0/c7716adac4020cb852fd2410dcd8bdb13a227004de77f96d7f9806d0cf2274f24e0920a7ca73bcd72d90003696c1f17fdd9fe3ca218e64ee03dc2b840e4416fa
  languageName: node
  linkType: hard

"eslint-plugin-promise@npm:^5.1.1":
  version: 5.1.1
  resolution: "eslint-plugin-promise@npm:5.1.1"
  peerDependencies:
    eslint: ^7.0.0
  checksum: 10c0/a23b6eb970f95de50cbf4a16725e72ccd90efd91c32e1bfabd257630917beaf30f71334a2d5494eeee40a94275290769a160e388fac68127578b1ca1fbbe4a9a
  languageName: node
  linkType: hard

"eslint-scope@npm:^5.1.1":
  version: 5.1.1
  resolution: "eslint-scope@npm:5.1.1"
  dependencies:
    esrecurse: "npm:^4.3.0"
    estraverse: "npm:^4.1.1"
  checksum: 10c0/d30ef9dc1c1cbdece34db1539a4933fe3f9b14e1ffb27ecc85987902ee663ad7c9473bbd49a9a03195a373741e62e2f807c4938992e019b511993d163450e70a
  languageName: node
  linkType: hard

"eslint-utils@npm:^2.0.0":
  version: 2.1.0
  resolution: "eslint-utils@npm:2.1.0"
  dependencies:
    eslint-visitor-keys: "npm:^1.1.0"
  checksum: 10c0/69521c5d6569384b24093125d037ba238d3d6e54367f7143af9928f5286369e912c26cad5016d730c0ffb9797ac9e83831059d7f1d863f7dc84330eb02414611
  languageName: node
  linkType: hard

"eslint-utils@npm:^3.0.0":
  version: 3.0.0
  resolution: "eslint-utils@npm:3.0.0"
  dependencies:
    eslint-visitor-keys: "npm:^2.0.0"
  peerDependencies:
    eslint: ">=5"
  checksum: 10c0/45aa2b63667a8d9b474c98c28af908d0a592bed1a4568f3145cd49fb5d9510f545327ec95561625290313fe126e6d7bdfe3fdbdb6f432689fab6b9497d3bfb52
  languageName: node
  linkType: hard

"eslint-visitor-keys@npm:^1.1.0":
  version: 1.3.0
  resolution: "eslint-visitor-keys@npm:1.3.0"
  checksum: 10c0/10c91fdbbe36810dd4308e57f9a8bc7177188b2a70247e54e3af1fa05ebc66414ae6fd4ce3c6c6821591f43a556e9037bc6b071122e099b5f8b7d2f76df553e3
  languageName: node
  linkType: hard

"eslint-visitor-keys@npm:^2.0.0":
  version: 2.1.0
  resolution: "eslint-visitor-keys@npm:2.1.0"
  checksum: 10c0/9f0e3a2db751d84067d15977ac4b4472efd6b303e369e6ff241a99feac04da758f46d5add022c33d06b53596038dbae4b4aceb27c7e68b8dfc1055b35e495787
  languageName: node
  linkType: hard

"eslint-visitor-keys@npm:^3.0.0":
  version: 3.1.0
  resolution: "eslint-visitor-keys@npm:3.1.0"
  checksum: 10c0/ba23efd2a273cb5a0794ea76669cbe95892bed5d2e165e7744db6a81ede74f4239cf73d142016421d8297b72000486e4b41bba3078eccb9ef82ae0b7e06e9282
  languageName: node
  linkType: hard

"esrecurse@npm:^4.3.0":
  version: 4.3.0
  resolution: "esrecurse@npm:4.3.0"
  dependencies:
    estraverse: "npm:^5.2.0"
  checksum: 10c0/81a37116d1408ded88ada45b9fb16dbd26fba3aadc369ce50fcaf82a0bac12772ebd7b24cd7b91fc66786bf2c1ac7b5f196bc990a473efff972f5cb338877cf5
  languageName: node
  linkType: hard

"estraverse@npm:^4.1.1":
  version: 4.3.0
  resolution: "estraverse@npm:4.3.0"
  checksum: 10c0/9cb46463ef8a8a4905d3708a652d60122a0c20bb58dec7e0e12ab0e7235123d74214fc0141d743c381813e1b992767e2708194f6f6e0f9fd00c1b4e0887b8b6d
  languageName: node
  linkType: hard

"estraverse@npm:^5.2.0":
  version: 5.3.0
  resolution: "estraverse@npm:5.3.0"
  checksum: 10c0/1ff9447b96263dec95d6d67431c5e0771eb9776427421260a3e2f0fdd5d6bd4f8e37a7338f5ad2880c9f143450c9b1e4fc2069060724570a49cf9cf0312bd107
  languageName: node
  linkType: hard

"esutils@npm:^2.0.2":
  version: 2.0.3
  resolution: "esutils@npm:2.0.3"
  checksum: 10c0/9a2fe69a41bfdade834ba7c42de4723c97ec776e40656919c62cbd13607c45e127a003f05f724a1ea55e5029a4cf2de444b13009f2af71271e42d93a637137c7
  languageName: node
  linkType: hard

"fast-glob@npm:^3.1.1":
  version: 3.2.7
  resolution: "fast-glob@npm:3.2.7"
  dependencies:
    "@nodelib/fs.stat": "npm:^2.0.2"
    "@nodelib/fs.walk": "npm:^1.2.3"
    glob-parent: "npm:^5.1.2"
    merge2: "npm:^1.3.0"
    micromatch: "npm:^4.0.4"
  checksum: 10c0/cc820a9acbd99c51267d525ed3c0c368b57d273f8d34e2401eef824390ff38ff419af3c0308d4ec1aef3dae0e24d1ac1dfe3156e5c702d63416a4c877ab7e0c4
  languageName: node
  linkType: hard

"fastq@npm:^1.6.0":
  version: 1.13.0
  resolution: "fastq@npm:1.13.0"
  dependencies:
    reusify: "npm:^1.0.4"
  checksum: 10c0/76c7b5dafb93c7e74359a3e6de834ce7a7c2e3a3184050ed4cb652661de55cf8d4895178d8d3ccd23069395056c7bb15450660d38fb382ca88c142b22694d7c9
  languageName: node
  linkType: hard

"fill-range@npm:^7.1.1":
  version: 7.1.1
  resolution: "fill-range@npm:7.1.1"
  dependencies:
    to-regex-range: "npm:^5.0.1"
  checksum: 10c0/b75b691bbe065472f38824f694c2f7449d7f5004aa950426a2c28f0306c60db9b880c0b0e4ed819997ffb882d1da02cfcfc819bddc94d71627f5269682edf018
  languageName: node
  linkType: hard

"find-up@npm:^2.1.0":
  version: 2.1.0
  resolution: "find-up@npm:2.1.0"
  dependencies:
    locate-path: "npm:^2.0.0"
  checksum: 10c0/c080875c9fe28eb1962f35cbe83c683796a0321899f1eed31a37577800055539815de13d53495049697d3ba313013344f843bb9401dd337a1b832be5edfc6840
  languageName: node
  linkType: hard

"function-bind@npm:^1.1.1":
  version: 1.1.1
  resolution: "function-bind@npm:1.1.1"
  checksum: 10c0/60b74b2407e1942e1ed7f8c284f8ef714d0689dcfce5319985a5b7da3fc727f40b4a59ec72dc55aa83365ad7b8fa4fac3a30d93c850a2b452f29ae03dbc10a1e
  languageName: node
  linkType: hard

"functional-red-black-tree@npm:^1.0.1":
  version: 1.0.1
  resolution: "functional-red-black-tree@npm:1.0.1"
  checksum: 10c0/5959eed0375803d9924f47688479bb017e0c6816a0e5ac151e22ba6bfe1d12c41de2f339188885e0aa8eeea2072dad509d8e4448467e816bde0a2ca86a0670d3
  languageName: node
  linkType: hard

"get-intrinsic@npm:^1.0.2, get-intrinsic@npm:^1.1.0, get-intrinsic@npm:^1.1.1":
  version: 1.1.1
  resolution: "get-intrinsic@npm:1.1.1"
  dependencies:
    function-bind: "npm:^1.1.1"
    has: "npm:^1.0.3"
    has-symbols: "npm:^1.0.1"
  checksum: 10c0/c01055578e9b8da37a7779b18b732436c55d93e5ffa56b0fc4d3da8468ad89a25ce2343ba1945f20c0e78119bc7bb296fb59a0da521b6e43fd632de73376e040
  languageName: node
  linkType: hard

"get-symbol-description@npm:^1.0.0":
  version: 1.0.0
  resolution: "get-symbol-description@npm:1.0.0"
  dependencies:
    call-bind: "npm:^1.0.2"
    get-intrinsic: "npm:^1.1.1"
  checksum: 10c0/23bc3b44c221cdf7669a88230c62f4b9e30393b61eb21ba4400cb3e346801bd8f95fe4330ee78dbae37aecd874646d53e3e76a17a654d0c84c77f6690526d6bb
  languageName: node
  linkType: hard

"glob-parent@npm:^5.1.2":
  version: 5.1.2
  resolution: "glob-parent@npm:5.1.2"
  dependencies:
    is-glob: "npm:^4.0.1"
  checksum: 10c0/cab87638e2112bee3f839ef5f6e0765057163d39c66be8ec1602f3823da4692297ad4e972de876ea17c44d652978638d2fd583c6713d0eb6591706825020c9ee
  languageName: node
  linkType: hard

"globby@npm:^11.0.4":
  version: 11.0.4
  resolution: "globby@npm:11.0.4"
  dependencies:
    array-union: "npm:^2.1.0"
    dir-glob: "npm:^3.0.1"
    fast-glob: "npm:^3.1.1"
    ignore: "npm:^5.1.4"
    merge2: "npm:^1.3.0"
    slash: "npm:^3.0.0"
  checksum: 10c0/de5f828c834baf75e3bd3c629bb3a64d1dfa9965831d0b105b728f9184284c6ba2b0d42e24862b411abc18e6e0af12e60880b3a62e096752de3426f2839f9ef7
  languageName: node
  linkType: hard

"has-bigints@npm:^1.0.1":
  version: 1.0.1
  resolution: "has-bigints@npm:1.0.1"
  checksum: 10c0/59dc0ceb28468fcad0d3fd20a5d679dd577bae177f5caaf0b1f742df42a30267271538ab282c1c7dce14fcb9ba53401055363edab51d28fbae85c17b30f98a31
  languageName: node
  linkType: hard

"has-symbols@npm:^1.0.1, has-symbols@npm:^1.0.2":
  version: 1.0.2
  resolution: "has-symbols@npm:1.0.2"
  checksum: 10c0/bfac913244c77e6cb4e3cb6d617a70419f5fa4e1959e828a789b958933ceb997706eafb9615f27089e8fa57449094a3c81695ed3ec0c3b2fa8be8d506640b0f7
  languageName: node
  linkType: hard

"has-tostringtag@npm:^1.0.0":
  version: 1.0.0
  resolution: "has-tostringtag@npm:1.0.0"
  dependencies:
    has-symbols: "npm:^1.0.2"
  checksum: 10c0/1cdba76b7d13f65198a92b8ca1560ba40edfa09e85d182bf436d928f3588a9ebd260451d569f0ed1b849c4bf54f49c862aa0d0a77f9552b1855bb6deb526c011
  languageName: node
  linkType: hard

"has@npm:^1.0.3":
  version: 1.0.3
  resolution: "has@npm:1.0.3"
  dependencies:
    function-bind: "npm:^1.1.1"
  checksum: 10c0/e1da0d2bd109f116b632f27782cf23182b42f14972ca9540e4c5aa7e52647407a0a4a76937334fddcb56befe94a3494825ec22b19b51f5e5507c3153fd1a5e1b
  languageName: node
  linkType: hard

"ignore@npm:^5.1.1, ignore@npm:^5.1.4, ignore@npm:^5.1.8":
  version: 5.1.9
  resolution: "ignore@npm:5.1.9"
  checksum: 10c0/eef6b5ab690eafc56e79c9cf209c3c8ff816e6c3b9859bf598843dcb95df7a15de8bc17c037099bcbd91a65863df61413dac8c672f67eaaaa84a0ecf35899f33
  languageName: node
  linkType: hard

"internal-slot@npm:^1.0.3":
  version: 1.0.3
  resolution: "internal-slot@npm:1.0.3"
  dependencies:
    get-intrinsic: "npm:^1.1.0"
    has: "npm:^1.0.3"
    side-channel: "npm:^1.0.4"
  checksum: 10c0/bb41342a474c1b607458b0c716c742d779a6ed9dfaf7986e5d20d1e7f55b7f3676e4d9f416bc253af4fd78d367e1f83e586f74840302bcf2e60c424f9284dde5
  languageName: node
  linkType: hard

"is-bigint@npm:^1.0.1":
  version: 1.0.4
  resolution: "is-bigint@npm:1.0.4"
  dependencies:
    has-bigints: "npm:^1.0.1"
  checksum: 10c0/eb9c88e418a0d195ca545aff2b715c9903d9b0a5033bc5922fec600eb0c3d7b1ee7f882dbf2e0d5a6e694e42391be3683e4368737bd3c4a77f8ac293e7773696
  languageName: node
  linkType: hard

"is-boolean-object@npm:^1.1.0":
  version: 1.1.2
  resolution: "is-boolean-object@npm:1.1.2"
  dependencies:
    call-bind: "npm:^1.0.2"
    has-tostringtag: "npm:^1.0.0"
  checksum: 10c0/6090587f8a8a8534c0f816da868bc94f32810f08807aa72fa7e79f7e11c466d281486ffe7a788178809c2aa71fe3e700b167fe80dd96dad68026bfff8ebf39f7
  languageName: node
  linkType: hard

"is-callable@npm:^1.1.4, is-callable@npm:^1.2.4":
  version: 1.2.4
  resolution: "is-callable@npm:1.2.4"
  checksum: 10c0/bda3c67128741129d61e1cb7ca89025ca56b39bf3564657989567c9f6d1e20d6f5579750d3c1fa8887903c6dc669fbc695e33a1363e7c5ec944077e39d24f73d
  languageName: node
  linkType: hard

"is-core-module@npm:^2.2.0, is-core-module@npm:^2.7.0":
  version: 2.8.0
  resolution: "is-core-module@npm:2.8.0"
  dependencies:
    has: "npm:^1.0.3"
  checksum: 10c0/8069143dcf675f7970f2c502adf45fcd7502f8a3a04e7ca7274c6f26493e7f17b7020b602992cffd20b6accb2660792ae1bcd6b3094837819d0632b1c33bc556
  languageName: node
  linkType: hard

"is-date-object@npm:^1.0.1":
  version: 1.0.5
  resolution: "is-date-object@npm:1.0.5"
  dependencies:
    has-tostringtag: "npm:^1.0.0"
  checksum: 10c0/eed21e5dcc619c48ccef804dfc83a739dbb2abee6ca202838ee1bd5f760fe8d8a93444f0d49012ad19bb7c006186e2884a1b92f6e1c056da7fd23d0a9ad5992e
  languageName: node
  linkType: hard

"is-extglob@npm:^2.1.1":
  version: 2.1.1
  resolution: "is-extglob@npm:2.1.1"
  checksum: 10c0/5487da35691fbc339700bbb2730430b07777a3c21b9ebaecb3072512dfd7b4ba78ac2381a87e8d78d20ea08affb3f1971b4af629173a6bf435ff8a4c47747912
  languageName: node
  linkType: hard

"is-glob@npm:^4.0.1, is-glob@npm:^4.0.3":
  version: 4.0.3
  resolution: "is-glob@npm:4.0.3"
  dependencies:
    is-extglob: "npm:^2.1.1"
  checksum: 10c0/17fb4014e22be3bbecea9b2e3a76e9e34ff645466be702f1693e8f1ee1adac84710d0be0bd9f967d6354036fd51ab7c2741d954d6e91dae6bb69714de92c197a
  languageName: node
  linkType: hard

"is-negative-zero@npm:^2.0.1":
  version: 2.0.1
  resolution: "is-negative-zero@npm:2.0.1"
  checksum: 10c0/e1ddf48f9e61a4802ccaa2ea9678fa8861dad25d57dcfd03a481320eaac42a3e2e0e8cabc1c8662d05f0188620a92b05c7e4aed8c1ebf48da96ff7a1af8e0f78
  languageName: node
  linkType: hard

"is-number-object@npm:^1.0.4":
  version: 1.0.6
  resolution: "is-number-object@npm:1.0.6"
  dependencies:
    has-tostringtag: "npm:^1.0.0"
  checksum: 10c0/f3220cd4882ed6c18f08d5122d320b353bc3ceeab5d93dbefded56da70fb544eaa3f27323902dd64d76a84260504c9bf7f4743f2d1817c716658b972573ef6ff
  languageName: node
  linkType: hard

"is-number@npm:^7.0.0":
  version: 7.0.0
  resolution: "is-number@npm:7.0.0"
  checksum: 10c0/b4686d0d3053146095ccd45346461bc8e53b80aeb7671cc52a4de02dbbf7dc0d1d2a986e2fe4ae206984b4d34ef37e8b795ebc4f4295c978373e6575e295d811
  languageName: node
  linkType: hard

"is-regex@npm:^1.1.4":
  version: 1.1.4
  resolution: "is-regex@npm:1.1.4"
  dependencies:
    call-bind: "npm:^1.0.2"
    has-tostringtag: "npm:^1.0.0"
  checksum: 10c0/bb72aae604a69eafd4a82a93002058c416ace8cde95873589a97fc5dac96a6c6c78a9977d487b7b95426a8f5073969124dd228f043f9f604f041f32fcc465fc1
  languageName: node
  linkType: hard

"is-shared-array-buffer@npm:^1.0.1":
  version: 1.0.1
  resolution: "is-shared-array-buffer@npm:1.0.1"
  checksum: 10c0/d27ff8661f30b6e90258a94c05c739260fb92f6c15d297cbf93e1122c6e7cf26ba65e89a63d427d22712f598905ca9d65840c1335449825aca4828e0bb53aa04
  languageName: node
  linkType: hard

"is-string@npm:^1.0.5, is-string@npm:^1.0.7":
  version: 1.0.7
  resolution: "is-string@npm:1.0.7"
  dependencies:
    has-tostringtag: "npm:^1.0.0"
  checksum: 10c0/905f805cbc6eedfa678aaa103ab7f626aac9ebbdc8737abb5243acaa61d9820f8edc5819106b8fcd1839e33db21de9f0116ae20de380c8382d16dc2a601921f6
  languageName: node
  linkType: hard

"is-symbol@npm:^1.0.2, is-symbol@npm:^1.0.3":
  version: 1.0.4
  resolution: "is-symbol@npm:1.0.4"
  dependencies:
    has-symbols: "npm:^1.0.2"
  checksum: 10c0/9381dd015f7c8906154dbcbf93fad769de16b4b961edc94f88d26eb8c555935caa23af88bda0c93a18e65560f6d7cca0fd5a3f8a8e1df6f1abbb9bead4502ef7
  languageName: node
  linkType: hard

"is-weakref@npm:^1.0.1":
  version: 1.0.1
  resolution: "is-weakref@npm:1.0.1"
  dependencies:
    call-bind: "npm:^1.0.0"
  checksum: 10c0/c21f472d98b4867f448f182cd0354039c2d0bce0bba47d5dac7717d92dc1e25e0134139530b3e56fdb4596efd32697bed50fd3e9b0b285f510493c7a5a542779
  languageName: node
  linkType: hard

"json5@npm:^1.0.1":
  version: 1.0.2
  resolution: "json5@npm:1.0.2"
  dependencies:
    minimist: "npm:^1.2.0"
  bin:
    json5: lib/cli.js
  checksum: 10c0/9ee316bf21f000b00752e6c2a3b79ecf5324515a5c60ee88983a1910a45426b643a4f3461657586e8aeca87aaf96f0a519b0516d2ae527a6c3e7eed80f68717f
  languageName: node
  linkType: hard

"locate-path@npm:^2.0.0":
  version: 2.0.0
  resolution: "locate-path@npm:2.0.0"
  dependencies:
    p-locate: "npm:^2.0.0"
    path-exists: "npm:^3.0.0"
  checksum: 10c0/24efa0e589be6aa3c469b502f795126b26ab97afa378846cb508174211515633b770aa0ba610cab113caedab8d2a4902b061a08aaed5297c12ab6f5be4df0133
  languageName: node
  linkType: hard

"lru-cache@npm:^6.0.0":
  version: 6.0.0
  resolution: "lru-cache@npm:6.0.0"
  dependencies:
    yallist: "npm:^4.0.0"
  checksum: 10c0/cb53e582785c48187d7a188d3379c181b5ca2a9c78d2bce3e7dee36f32761d1c42983da3fe12b55cb74e1779fa94cdc2e5367c028a9b35317184ede0c07a30a9
  languageName: node
  linkType: hard

"merge2@npm:^1.3.0":
  version: 1.4.1
  resolution: "merge2@npm:1.4.1"
  checksum: 10c0/254a8a4605b58f450308fc474c82ac9a094848081bf4c06778200207820e5193726dc563a0d2c16468810516a5c97d9d3ea0ca6585d23c58ccfff2403e8dbbeb
  languageName: node
  linkType: hard

"micromatch@npm:^4.0.4":
  version: 4.0.8
  resolution: "micromatch@npm:4.0.8"
  dependencies:
    braces: "npm:^3.0.3"
    picomatch: "npm:^2.3.1"
  checksum: 10c0/166fa6eb926b9553f32ef81f5f531d27b4ce7da60e5baf8c021d043b27a388fb95e46a8038d5045877881e673f8134122b59624d5cecbd16eb50a42e7a6b5ca8
  languageName: node
  linkType: hard

"minimatch@npm:^3.0.4":
  version: 3.1.2
  resolution: "minimatch@npm:3.1.2"
  dependencies:
    brace-expansion: "npm:^1.1.7"
  checksum: 10c0/0262810a8fc2e72cca45d6fd86bd349eee435eb95ac6aa45c9ea2180e7ee875ef44c32b55b5973ceabe95ea12682f6e3725cbb63d7a2d1da3ae1163c8b210311
  languageName: node
  linkType: hard

"minimist@npm:^1.2.0":
  version: 1.2.7
  resolution: "minimist@npm:1.2.7"
  checksum: 10c0/8808da67ca50ee19ab2d69051d77ee78572e67297fd8a1635ecc757a15106ccdfb5b8c4d11d84750120142f1684e5329a141295728c755e5d149eedd73cc6572
  languageName: node
  linkType: hard

"ms@npm:2.0.0":
  version: 2.0.0
  resolution: "ms@npm:2.0.0"
  checksum: 10c0/f8fda810b39fd7255bbdc451c46286e549794fcc700dc9cd1d25658bbc4dc2563a5de6fe7c60f798a16a60c6ceb53f033cb353f493f0cf63e5199b702943159d
  languageName: node
  linkType: hard

"ms@npm:2.1.2":
  version: 2.1.2
  resolution: "ms@npm:2.1.2"
  checksum: 10c0/a437714e2f90dbf881b5191d35a6db792efbca5badf112f87b9e1c712aace4b4b9b742dd6537f3edf90fd6f684de897cec230abde57e87883766712ddda297cc
  languageName: node
  linkType: hard

"ms@npm:^2.1.1":
  version: 2.1.3
  resolution: "ms@npm:2.1.3"
  checksum: 10c0/d924b57e7312b3b63ad21fc5b3dc0af5e78d61a1fc7cfb5457edaf26326bf62be5307cc87ffb6862ef1c2b33b0233cdb5d4f01c4c958cc0d660948b65a287a48
  languageName: node
  linkType: hard

"object-inspect@npm:^1.11.0, object-inspect@npm:^1.9.0":
  version: 1.11.0
  resolution: "object-inspect@npm:1.11.0"
  checksum: 10c0/eb08be1fecb532088153a23d4beb83b3feb8d49c001844a64b88568a9cc2755020a865b1a62957276e2fe20423576b09fa6e3948000fb9d6cb516171bafbf898
  languageName: node
  linkType: hard

"object-keys@npm:^1.0.12, object-keys@npm:^1.1.1":
  version: 1.1.1
  resolution: "object-keys@npm:1.1.1"
  checksum: 10c0/b11f7ccdbc6d406d1f186cdadb9d54738e347b2692a14439ca5ac70c225fa6db46db809711b78589866d47b25fc3e8dee0b4c722ac751e11180f9380e3d8601d
  languageName: node
  linkType: hard

"object.assign@npm:^4.1.2":
  version: 4.1.2
  resolution: "object.assign@npm:4.1.2"
  dependencies:
    call-bind: "npm:^1.0.0"
    define-properties: "npm:^1.1.3"
    has-symbols: "npm:^1.0.1"
    object-keys: "npm:^1.1.1"
  checksum: 10c0/ee0e796fad8952f05644d11632f046dc4b424f9a41d3816e11a612163b12a873c800456be9acdaec6221b72590ab5267e5fe4bf4cf1c67f88b05f82f133ac829
  languageName: node
  linkType: hard

"object.values@npm:^1.1.5":
  version: 1.1.5
  resolution: "object.values@npm:1.1.5"
  dependencies:
    call-bind: "npm:^1.0.2"
    define-properties: "npm:^1.1.3"
    es-abstract: "npm:^1.19.1"
  checksum: 10c0/9c6afa9a25ce36c27c8baef2321eaa719fc2b042ef17aa462b1fa1502ed7ce7acf18b269be2e7b0d91f228839f10a28fa30ebc8cb7e47dbf6a2e4e67cad466c1
  languageName: node
  linkType: hard

"p-limit@npm:^1.1.0":
  version: 1.3.0
  resolution: "p-limit@npm:1.3.0"
  dependencies:
    p-try: "npm:^1.0.0"
  checksum: 10c0/5c1b1d53d180b2c7501efb04b7c817448e10efe1ba46f4783f8951994d5027e4cd88f36ad79af50546682594c4ebd11702ac4b9364c47f8074890e2acad0edee
  languageName: node
  linkType: hard

"p-locate@npm:^2.0.0":
  version: 2.0.0
  resolution: "p-locate@npm:2.0.0"
  dependencies:
    p-limit: "npm:^1.1.0"
  checksum: 10c0/82da4be88fb02fd29175e66021610c881938d3cc97c813c71c1a605fac05617d57fd5d3b337494a6106c0edb2a37c860241430851411f1b265108cead34aee67
  languageName: node
  linkType: hard

"p-try@npm:^1.0.0":
  version: 1.0.0
  resolution: "p-try@npm:1.0.0"
  checksum: 10c0/757ba31de5819502b80c447826fac8be5f16d3cb4fbf9bc8bc4971dba0682e84ac33e4b24176ca7058c69e29f64f34d8d9e9b08e873b7b7bb0aa89d620fa224a
  languageName: node
  linkType: hard

"path-exists@npm:^3.0.0":
  version: 3.0.0
  resolution: "path-exists@npm:3.0.0"
  checksum: 10c0/17d6a5664bc0a11d48e2b2127d28a0e58822c6740bde30403f08013da599182289c56518bec89407e3f31d3c2b6b296a4220bc3f867f0911fee6952208b04167
  languageName: node
  linkType: hard

"path-parse@npm:^1.0.6":
  version: 1.0.7
  resolution: "path-parse@npm:1.0.7"
  checksum: 10c0/11ce261f9d294cc7a58d6a574b7f1b935842355ec66fba3c3fd79e0f036462eaf07d0aa95bb74ff432f9afef97ce1926c720988c6a7451d8a584930ae7de86e1
  languageName: node
  linkType: hard

"path-type@npm:^4.0.0":
  version: 4.0.0
  resolution: "path-type@npm:4.0.0"
  checksum: 10c0/666f6973f332f27581371efaf303fd6c272cc43c2057b37aa99e3643158c7e4b2626549555d88626e99ea9e046f82f32e41bbde5f1508547e9a11b149b52387c
  languageName: node
  linkType: hard

"picomatch@npm:^2.3.1":
  version: 2.3.1
  resolution: "picomatch@npm:2.3.1"
  checksum: 10c0/26c02b8d06f03206fc2ab8d16f19960f2ff9e81a658f831ecb656d8f17d9edc799e8364b1f4a7873e89d9702dff96204be0fa26fe4181f6843f040f819dac4be
  languageName: node
  linkType: hard

"pkg-dir@npm:^2.0.0":
  version: 2.0.0
  resolution: "pkg-dir@npm:2.0.0"
  dependencies:
    find-up: "npm:^2.1.0"
  checksum: 10c0/7cdc46c4921bf2c5f9a438851d16243ddde9906928116647ec7784982dd9038ea61c964fbca6f489201845742188180ecd1001b4f69781de1d1dc7d100b14089
  languageName: node
  linkType: hard

"queue-microtask@npm:^1.2.2":
  version: 1.2.3
  resolution: "queue-microtask@npm:1.2.3"
  checksum: 10c0/900a93d3cdae3acd7d16f642c29a642aea32c2026446151f0778c62ac089d4b8e6c986811076e1ae180a694cedf077d453a11b58ff0a865629a4f82ab558e102
  languageName: node
  linkType: hard

"regexpp@npm:^3.0.0, regexpp@npm:^3.2.0":
  version: 3.2.0
  resolution: "regexpp@npm:3.2.0"
  checksum: 10c0/d1da82385c8754a1681416b90b9cca0e21b4a2babef159099b88f640637d789c69011d0bc94705dacab85b81133e929d027d85210e8b8b03f8035164dbc14710
  languageName: node
  linkType: hard

"resolve@npm:^1.10.1, resolve@npm:^1.20.0":
  version: 1.20.0
  resolution: "resolve@npm:1.20.0"
  dependencies:
    is-core-module: "npm:^2.2.0"
    path-parse: "npm:^1.0.6"
  checksum: 10c0/d2c99e3bfbfd1f5aa4d134fa893b0157b923d6bfdc36563cb126995982ebfd0d93d901f851e4577897580f7c87d9a62d307b811422009fd3d2a8ed0571c2eabb
  languageName: node
  linkType: hard

"resolve@patch:resolve@npm%3A^1.10.1#optional!builtin<compat/resolve>, resolve@patch:resolve@npm%3A^1.20.0#optional!builtin<compat/resolve>":
  version: 1.20.0
  resolution: "resolve@patch:resolve@npm%3A1.20.0#optional!builtin<compat/resolve>::version=1.20.0&hash=c3c19d"
  dependencies:
    is-core-module: "npm:^2.2.0"
    path-parse: "npm:^1.0.6"
  checksum: 10c0/b6a5345d1f015cebba11dffa6a1982b39fe9ef42ed86ed832e51bd01c10817666df6d7b11579bc88664f5d57f2a5fe073a7f46b4e72a3efe7ed0cb450ee786da
  languageName: node
  linkType: hard

"reusify@npm:^1.0.4":
  version: 1.0.4
  resolution: "reusify@npm:1.0.4"
  checksum: 10c0/c19ef26e4e188f408922c46f7ff480d38e8dfc55d448310dfb518736b23ed2c4f547fb64a6ed5bdba92cd7e7ddc889d36ff78f794816d5e71498d645ef476107
  languageName: node
  linkType: hard

"run-parallel@npm:^1.1.9":
  version: 1.2.0
  resolution: "run-parallel@npm:1.2.0"
  dependencies:
    queue-microtask: "npm:^1.2.2"
  checksum: 10c0/200b5ab25b5b8b7113f9901bfe3afc347e19bb7475b267d55ad0eb86a62a46d77510cb0f232507c9e5d497ebda569a08a9867d0d14f57a82ad5564d991588b39
  languageName: node
  linkType: hard

"semver@npm:^6.1.0":
  version: 6.3.1
  resolution: "semver@npm:6.3.1"
  bin:
    semver: bin/semver.js
  checksum: 10c0/e3d79b609071caa78bcb6ce2ad81c7966a46a7431d9d58b8800cfa9cb6a63699b3899a0e4bcce36167a284578212d9ae6942b6929ba4aa5015c079a67751d42d
  languageName: node
  linkType: hard

"semver@npm:^7.3.5":
  version: 7.5.4
  resolution: "semver@npm:7.5.4"
  dependencies:
    lru-cache: "npm:^6.0.0"
  bin:
    semver: bin/semver.js
  checksum: 10c0/5160b06975a38b11c1ab55950cb5b8a23db78df88275d3d8a42ccf1f29e55112ac995b3a26a522c36e3b5f76b0445f1eef70d696b8c7862a2b4303d7b0e7609e
  languageName: node
  linkType: hard

"side-channel@npm:^1.0.4":
  version: 1.0.4
  resolution: "side-channel@npm:1.0.4"
  dependencies:
    call-bind: "npm:^1.0.0"
    get-intrinsic: "npm:^1.0.2"
    object-inspect: "npm:^1.9.0"
  checksum: 10c0/054a5d23ee35054b2c4609b9fd2a0587760737782b5d765a9c7852264710cc39c6dcb56a9bbd6c12cd84071648aea3edb2359d2f6e560677eedadce511ac1da5
  languageName: node
  linkType: hard

"slash@npm:^3.0.0":
  version: 3.0.0
  resolution: "slash@npm:3.0.0"
  checksum: 10c0/e18488c6a42bdfd4ac5be85b2ced3ccd0224773baae6ad42cfbb9ec74fc07f9fa8396bd35ee638084ead7a2a0818eb5e7151111544d4731ce843019dab4be47b
  languageName: node
  linkType: hard

"string.prototype.trimend@npm:^1.0.4":
  version: 1.0.4
  resolution: "string.prototype.trimend@npm:1.0.4"
  dependencies:
    call-bind: "npm:^1.0.2"
    define-properties: "npm:^1.1.3"
  checksum: 10c0/9fca11ab237f31cf55736e3e987deb312dd8e1bea7515e0f62949f1494f714083089a432ad5d99ea83f690a9290f58d0ce3d3f3356f5717e4c349d7d1b642af7
  languageName: node
  linkType: hard

"string.prototype.trimstart@npm:^1.0.4":
  version: 1.0.4
  resolution: "string.prototype.trimstart@npm:1.0.4"
  dependencies:
    call-bind: "npm:^1.0.2"
    define-properties: "npm:^1.1.3"
  checksum: 10c0/4e4f836f9416c3db176587ab4e9b62f45b11489ab93c2b14e796c82a4f1c912278f31a4793cc00c2bee11002e56c964e9f131b8f78d96ffbd89822a11bd786fe
  languageName: node
  linkType: hard

"strip-bom@npm:^3.0.0":
  version: 3.0.0
  resolution: "strip-bom@npm:3.0.0"
  checksum: 10c0/51201f50e021ef16672593d7434ca239441b7b760e905d9f33df6e4f3954ff54ec0e0a06f100d028af0982d6f25c35cd5cda2ce34eaebccd0250b8befb90d8f1
  languageName: node
  linkType: hard

"to-regex-range@npm:^5.0.1":
  version: 5.0.1
  resolution: "to-regex-range@npm:5.0.1"
  dependencies:
    is-number: "npm:^7.0.0"
  checksum: 10c0/487988b0a19c654ff3e1961b87f471702e708fa8a8dd02a298ef16da7206692e8552a0250e8b3e8759270f62e9d8314616f6da274734d3b558b1fc7b7724e892
  languageName: node
  linkType: hard

"tsconfig-paths@npm:^3.11.0":
  version: 3.11.0
  resolution: "tsconfig-paths@npm:3.11.0"
  dependencies:
    "@types/json5": "npm:^0.0.29"
    json5: "npm:^1.0.1"
    minimist: "npm:^1.2.0"
    strip-bom: "npm:^3.0.0"
  checksum: 10c0/91fc8e1c3ce784e4677860eb526465fdbcfbb8488937db0e232ad4a4454abd1ecf6021c83a1ca404b81ed1d9efff80b5b194e6d6f103815649843f42c341d2c9
  languageName: node
  linkType: hard

"tslib@npm:^1.8.1":
  version: 1.14.1
  resolution: "tslib@npm:1.14.1"
  checksum: 10c0/69ae09c49eea644bc5ebe1bca4fa4cc2c82b7b3e02f43b84bd891504edf66dbc6b2ec0eef31a957042de2269139e4acff911e6d186a258fb14069cd7f6febce2
  languageName: node
  linkType: hard

"tsutils@npm:^3.21.0":
  version: 3.21.0
  resolution: "tsutils@npm:3.21.0"
  dependencies:
    tslib: "npm:^1.8.1"
  peerDependencies:
    typescript: ">=2.8.0 || >= 3.2.0-dev || >= 3.3.0-dev || >= 3.4.0-dev || >= 3.5.0-dev || >= 3.6.0-dev || >= 3.6.0-beta || >= 3.7.0-dev || >= 3.7.0-beta"
  checksum: 10c0/02f19e458ec78ead8fffbf711f834ad8ecd2cc6ade4ec0320790713dccc0a412b99e7fd907c4cda2a1dc602c75db6f12e0108e87a5afad4b2f9e90a24cabd5a2
  languageName: node
  linkType: hard

"unbox-primitive@npm:^1.0.1":
  version: 1.0.1
  resolution: "unbox-primitive@npm:1.0.1"
  dependencies:
    function-bind: "npm:^1.1.1"
    has-bigints: "npm:^1.0.1"
    has-symbols: "npm:^1.0.2"
    which-boxed-primitive: "npm:^1.0.2"
  checksum: 10c0/6f0b91b0744c6f9fd05afa70484914b70686596be628543a143fab018733f902ff39fad2c3cf8f00fd5d32ba8bce8edf9cf61cee940c1af892316e112b25812b
  languageName: node
  linkType: hard

"which-boxed-primitive@npm:^1.0.2":
  version: 1.0.2
  resolution: "which-boxed-primitive@npm:1.0.2"
  dependencies:
    is-bigint: "npm:^1.0.1"
    is-boolean-object: "npm:^1.1.0"
    is-number-object: "npm:^1.0.4"
    is-string: "npm:^1.0.5"
    is-symbol: "npm:^1.0.3"
  checksum: 10c0/0a62a03c00c91dd4fb1035b2f0733c341d805753b027eebd3a304b9cb70e8ce33e25317add2fe9b5fea6f53a175c0633ae701ff812e604410ddd049777cd435e
  languageName: node
  linkType: hard

"yallist@npm:^4.0.0":
  version: 4.0.0
  resolution: "yallist@npm:4.0.0"
  checksum: 10c0/2286b5e8dbfe22204ab66e2ef5cc9bbb1e55dfc873bbe0d568aa943eb255d131890dfd5bf243637273d31119b870f49c18fcde2c6ffbb7a7a092b870dc90625a
  languageName: node
  linkType: hard
